{
    "hash": "50fc79c2dab5c2f4b096e1356dc1083f",
    "packages": [
        {
            "package": "doctrine/common",
            "version": "2.2.2"
        },
        {
            "package": "doctrine/dbal",
            "version": "2.2.2"
        },
        {
            "package": "doctrine/orm",
            "version": "2.2.2"
        }
    ],
    "packages-dev": null,
    "aliases": [

    ],
    "minimum-stability": "stable",
    "stability-flags": [

    ]
}
